
Microsoft Visual Studio Solution File, Format Version 11.00
# Visual Studio 2010
Project("{FAE04EC0-301F-11D3-BF4B-00C04F79EFBC}") = "Assembly-CSharp", "Assembly-CSharp.csproj", "{1ACCBE05-3BD3-BD58-DCB9-B6B70ADCAF23}"
EndProject
Project("{FAE04EC0-301F-11D3-BF4B-00C04F79EFBC}") = "Assembly-CSharp-Editor", "Assembly-CSharp-Editor.csproj", "{969F7FAB-2A31-8B10-3CE4-406AFB291657}"
EndProject
Global
	GlobalSection(SolutionConfigurationPlatforms) = preSolution
		Debug|Any CPU = Debug|Any CPU
		Release|Any CPU = Release|Any CPU
	EndGlobalSection
	GlobalSection(ProjectConfigurationPlatforms) = postSolution
		{1ACCBE05-3BD3-BD58-DCB9-B6B70ADCAF23}.Debug|Any CPU.ActiveCfg = Debug|Any CPU
		{1ACCBE05-3BD3-BD58-DCB9-B6B70ADCAF23}.Debug|Any CPU.Build.0 = Debug|Any CPU
		{1ACCBE05-3BD3-BD58-DCB9-B6B70ADCAF23}.Release|Any CPU.ActiveCfg = Release|Any CPU
		{1ACCBE05-3BD3-BD58-DCB9-B6B70ADCAF23}.Release|Any CPU.Build.0 = Release|Any CPU
		{969F7FAB-2A31-8B10-3CE4-406AFB291657}.Debug|Any CPU.ActiveCfg = Debug|Any CPU
		{969F7FAB-2A31-8B10-3CE4-406AFB291657}.Debug|Any CPU.Build.0 = Debug|Any CPU
		{969F7FAB-2A31-8B10-3CE4-406AFB291657}.Release|Any CPU.ActiveCfg = Release|Any CPU
		{969F7FAB-2A31-8B10-3CE4-406AFB291657}.Release|Any CPU.Build.0 = Release|Any CPU
	EndGlobalSection
	GlobalSection(SolutionProperties) = preSolution
		HideSolutionNode = FALSE
	EndGlobalSection
EndGlobal
